
Microsoft Visual Studio Solution File, Format Version 12.00
# Visual Studio 15
VisualStudioVersion = 15.0.28307.489
MinimumVisualStudioVersion = 10.0.40219.1
Project("{FAE04EC0-301F-11D3-BF4B-00C04F79EFBC}") = "DAL", "DAL\DAL.csproj", "{C97F60A7-1011-44EE-A214-AC4085E9E170}"
EndProject
Project("{FAE04EC0-301F-11D3-BF4B-00C04F79EFBC}") = "BLL", "BLL\BLL.csproj", "{6EE9E42C-6A70-44F1-AD74-89CB6F2B2C6B}"
EndProject
Project("{FAE04EC0-301F-11D3-BF4B-00C04F79EFBC}") = "ENTITIES", "ENTITIES\ENTITIES.csproj", "{480DACFF-E8EA-4FB8-A2C2-C73846B6E8FF}"
EndProject
Project("{FAE04EC0-301F-11D3-BF4B-00C04F79EFBC}") = "MVC", "MVC\MVC.csproj", "{64FAF217-97AD-45D6-B8E6-23151C08B704}"
EndProject
Global
	GlobalSection(SolutionConfigurationPlatforms) = preSolution
		Debug|Any CPU = Debug|Any CPU
		Release|Any CPU = Release|Any CPU
	EndGlobalSection
	GlobalSection(ProjectConfigurationPlatforms) = postSolution
		{C97F60A7-1011-44EE-A214-AC4085E9E170}.Debug|Any CPU.ActiveCfg = Debug|Any CPU
		{C97F60A7-1011-44EE-A214-AC4085E9E170}.Debug|Any CPU.Build.0 = Debug|Any CPU
		{C97F60A7-1011-44EE-A214-AC4085E9E170}.Release|Any CPU.ActiveCfg = Release|Any CPU
		{C97F60A7-1011-44EE-A214-AC4085E9E170}.Release|Any CPU.Build.0 = Release|Any CPU
		{6EE9E42C-6A70-44F1-AD74-89CB6F2B2C6B}.Debug|Any CPU.ActiveCfg = Debug|Any CPU
		{6EE9E42C-6A70-44F1-AD74-89CB6F2B2C6B}.Debug|Any CPU.Build.0 = Debug|Any CPU
		{6EE9E42C-6A70-44F1-AD74-89CB6F2B2C6B}.Release|Any CPU.ActiveCfg = Release|Any CPU
		{6EE9E42C-6A70-44F1-AD74-89CB6F2B2C6B}.Release|Any CPU.Build.0 = Release|Any CPU
		{480DACFF-E8EA-4FB8-A2C2-C73846B6E8FF}.Debug|Any CPU.ActiveCfg = Debug|Any CPU
		{480DACFF-E8EA-4FB8-A2C2-C73846B6E8FF}.Debug|Any CPU.Build.0 = Debug|Any CPU
		{480DACFF-E8EA-4FB8-A2C2-C73846B6E8FF}.Release|Any CPU.ActiveCfg = Release|Any CPU
		{480DACFF-E8EA-4FB8-A2C2-C73846B6E8FF}.Release|Any CPU.Build.0 = Release|Any CPU
		{64FAF217-97AD-45D6-B8E6-23151C08B704}.Debug|Any CPU.ActiveCfg = Debug|Any CPU
		{64FAF217-97AD-45D6-B8E6-23151C08B704}.Debug|Any CPU.Build.0 = Debug|Any CPU
		{64FAF217-97AD-45D6-B8E6-23151C08B704}.Release|Any CPU.ActiveCfg = Release|Any CPU
		{64FAF217-97AD-45D6-B8E6-23151C08B704}.Release|Any CPU.Build.0 = Release|Any CPU
	EndGlobalSection
	GlobalSection(SolutionProperties) = preSolution
		HideSolutionNode = FALSE
	EndGlobalSection
	GlobalSection(ExtensibilityGlobals) = postSolution
		SolutionGuid = {BDA8A5AB-7A4A-4C0E-A3EF-014324FF0379}
	EndGlobalSection
EndGlobal
